
Microsoft Visual Studio Solution File, Format Version 12.00
Project("{FAE04EC0-301F-11D3-BF4B-00C04F79EFBC}") = "istudybucket-xm", "istudybucket-xm\istudybucket-xm\istudybucket-xm.csproj", "{5D00D90D-3FE0-4D94-BF47-57E719EED597}"
EndProject
Project("{FAE04EC0-301F-11D3-BF4B-00C04F79EFBC}") = "istudybucket-xm.Android", "istudybucket-xm\istudybucket-xm.Android\istudybucket-xm.Android.csproj", "{6CD26A51-D54F-4067-B6DF-5062316B3CEE}"
EndProject
Project("{FAE04EC0-301F-11D3-BF4B-00C04F79EFBC}") = "istudybucket-xm.iOS", "istudybucket-xm\istudybucket-xm.iOS\istudybucket-xm.iOS.csproj", "{D5B74B39-C623-42D9-9B96-CEB50A735E24}"
EndProject
Global
	GlobalSection(SolutionConfigurationPlatforms) = preSolution
		Ad-Hoc|iPhone = Ad-Hoc|iPhone
		AppStore|iPhone = AppStore|iPhone
		Debug|Any CPU = Debug|Any CPU
		Debug|iPhone = Debug|iPhone
		Debug|iPhoneSimulator = Debug|iPhoneSimulator
		Release|Any CPU = Release|Any CPU
		Release|iPhone = Release|iPhone
		Release|iPhoneSimulator = Release|iPhoneSimulator
	EndGlobalSection
	GlobalSection(ProjectConfigurationPlatforms) = postSolution
		{5D00D90D-3FE0-4D94-BF47-57E719EED597}.Ad-Hoc|iPhone.ActiveCfg = Debug|Any CPU
		{5D00D90D-3FE0-4D94-BF47-57E719EED597}.Ad-Hoc|iPhone.Build.0 = Debug|Any CPU
		{5D00D90D-3FE0-4D94-BF47-57E719EED597}.AppStore|iPhone.ActiveCfg = Debug|Any CPU
		{5D00D90D-3FE0-4D94-BF47-57E719EED597}.AppStore|iPhone.Build.0 = Debug|Any CPU
		{5D00D90D-3FE0-4D94-BF47-57E719EED597}.Debug|Any CPU.ActiveCfg = Debug|Any CPU
		{5D00D90D-3FE0-4D94-BF47-57E719EED597}.Debug|Any CPU.Build.0 = Debug|Any CPU
		{5D00D90D-3FE0-4D94-BF47-57E719EED597}.Debug|iPhone.ActiveCfg = Debug|Any CPU
		{5D00D90D-3FE0-4D94-BF47-57E719EED597}.Debug|iPhone.Build.0 = Debug|Any CPU
		{5D00D90D-3FE0-4D94-BF47-57E719EED597}.Debug|iPhoneSimulator.ActiveCfg = Debug|Any CPU
		{5D00D90D-3FE0-4D94-BF47-57E719EED597}.Debug|iPhoneSimulator.Build.0 = Debug|Any CPU
		{5D00D90D-3FE0-4D94-BF47-57E719EED597}.Release|Any CPU.ActiveCfg = Release|Any CPU
		{5D00D90D-3FE0-4D94-BF47-57E719EED597}.Release|Any CPU.Build.0 = Release|Any CPU
		{5D00D90D-3FE0-4D94-BF47-57E719EED597}.Release|iPhone.ActiveCfg = Release|Any CPU
		{5D00D90D-3FE0-4D94-BF47-57E719EED597}.Release|iPhone.Build.0 = Release|Any CPU
		{5D00D90D-3FE0-4D94-BF47-57E719EED597}.Release|iPhoneSimulator.ActiveCfg = Release|Any CPU
		{5D00D90D-3FE0-4D94-BF47-57E719EED597}.Release|iPhoneSimulator.Build.0 = Release|Any CPU
		{6CD26A51-D54F-4067-B6DF-5062316B3CEE}.Ad-Hoc|iPhone.ActiveCfg = Debug|Any CPU
		{6CD26A51-D54F-4067-B6DF-5062316B3CEE}.Ad-Hoc|iPhone.Build.0 = Debug|Any CPU
		{6CD26A51-D54F-4067-B6DF-5062316B3CEE}.Ad-Hoc|iPhone.Deploy.0 = Debug|Any CPU
		{6CD26A51-D54F-4067-B6DF-5062316B3CEE}.AppStore|iPhone.ActiveCfg = Debug|Any CPU
		{6CD26A51-D54F-4067-B6DF-5062316B3CEE}.AppStore|iPhone.Build.0 = Debug|Any CPU
		{6CD26A51-D54F-4067-B6DF-5062316B3CEE}.AppStore|iPhone.Deploy.0 = Debug|Any CPU
		{6CD26A51-D54F-4067-B6DF-5062316B3CEE}.Debug|Any CPU.ActiveCfg = Debug|Any CPU
		{6CD26A51-D54F-4067-B6DF-5062316B3CEE}.Debug|Any CPU.Build.0 = Debug|Any CPU
		{6CD26A51-D54F-4067-B6DF-5062316B3CEE}.Debug|Any CPU.Deploy.0 = Debug|Any CPU
		{6CD26A51-D54F-4067-B6DF-5062316B3CEE}.Debug|iPhone.ActiveCfg = Debug|Any CPU
		{6CD26A51-D54F-4067-B6DF-5062316B3CEE}.Debug|iPhone.Build.0 = Debug|Any CPU
		{6CD26A51-D54F-4067-B6DF-5062316B3CEE}.Debug|iPhone.Deploy.0 = Debug|Any CPU
		{6CD26A51-D54F-4067-B6DF-5062316B3CEE}.Debug|iPhoneSimulator.ActiveCfg = Debug|Any CPU
		{6CD26A51-D54F-4067-B6DF-5062316B3CEE}.Debug|iPhoneSimulator.Build.0 = Debug|Any CPU
		{6CD26A51-D54F-4067-B6DF-5062316B3CEE}.Debug|iPhoneSimulator.Deploy.0 = Debug|Any CPU
		{6CD26A51-D54F-4067-B6DF-5062316B3CEE}.Release|Any CPU.ActiveCfg = Release|Any CPU
		{6CD26A51-D54F-4067-B6DF-5062316B3CEE}.Release|Any CPU.Build.0 = Release|Any CPU
		{6CD26A51-D54F-4067-B6DF-5062316B3CEE}.Release|Any CPU.Deploy.0 = Release|Any CPU
		{6CD26A51-D54F-4067-B6DF-5062316B3CEE}.Release|iPhone.ActiveCfg = Release|Any CPU
		{6CD26A51-D54F-4067-B6DF-5062316B3CEE}.Release|iPhone.Build.0 = Release|Any CPU
		{6CD26A51-D54F-4067-B6DF-5062316B3CEE}.Release|iPhone.Deploy.0 = Release|Any CPU
		{6CD26A51-D54F-4067-B6DF-5062316B3CEE}.Release|iPhoneSimulator.ActiveCfg = Release|Any CPU
		{6CD26A51-D54F-4067-B6DF-5062316B3CEE}.Release|iPhoneSimulator.Build.0 = Release|Any CPU
		{6CD26A51-D54F-4067-B6DF-5062316B3CEE}.Release|iPhoneSimulator.Deploy.0 = Release|Any CPU
		{D5B74B39-C623-42D9-9B96-CEB50A735E24}.Ad-Hoc|iPhone.ActiveCfg = Ad-Hoc|iPhone
		{D5B74B39-C623-42D9-9B96-CEB50A735E24}.Ad-Hoc|iPhone.Build.0 = Ad-Hoc|iPhone
		{D5B74B39-C623-42D9-9B96-CEB50A735E24}.Ad-Hoc|iPhone.Deploy.0 = Ad-Hoc|iPhone
		{D5B74B39-C623-42D9-9B96-CEB50A735E24}.AppStore|iPhone.ActiveCfg = AppStore|iPhone
		{D5B74B39-C623-42D9-9B96-CEB50A735E24}.AppStore|iPhone.Build.0 = AppStore|iPhone
		{D5B74B39-C623-42D9-9B96-CEB50A735E24}.AppStore|iPhone.Deploy.0 = AppStore|iPhone
		{D5B74B39-C623-42D9-9B96-CEB50A735E24}.Debug|Any CPU.ActiveCfg = Debug|iPhoneSimulator
		{D5B74B39-C623-42D9-9B96-CEB50A735E24}.Debug|Any CPU.Build.0 = Debug|iPhoneSimulator
		{D5B74B39-C623-42D9-9B96-CEB50A735E24}.Debug|Any CPU.Deploy.0 = Debug|iPhoneSimulator
		{D5B74B39-C623-42D9-9B96-CEB50A735E24}.Debug|iPhone.ActiveCfg = Debug|iPhone
		{D5B74B39-C623-42D9-9B96-CEB50A735E24}.Debug|iPhone.Build.0 = Debug|iPhone
		{D5B74B39-C623-42D9-9B96-CEB50A735E24}.Debug|iPhone.Deploy.0 = Debug|iPhone
		{D5B74B39-C623-42D9-9B96-CEB50A735E24}.Debug|iPhoneSimulator.ActiveCfg = Debug|iPhoneSimulator
		{D5B74B39-C623-42D9-9B96-CEB50A735E24}.Debug|iPhoneSimulator.Build.0 = Debug|iPhoneSimulator
		{D5B74B39-C623-42D9-9B96-CEB50A735E24}.Debug|iPhoneSimulator.Deploy.0 = Debug|iPhoneSimulator
		{D5B74B39-C623-42D9-9B96-CEB50A735E24}.Release|Any CPU.ActiveCfg = Release|iPhoneSimulator
		{D5B74B39-C623-42D9-9B96-CEB50A735E24}.Release|Any CPU.Build.0 = Release|iPhoneSimulator
		{D5B74B39-C623-42D9-9B96-CEB50A735E24}.Release|Any CPU.Deploy.0 = Release|iPhoneSimulator
		{D5B74B39-C623-42D9-9B96-CEB50A735E24}.Release|iPhone.ActiveCfg = Release|iPhone
		{D5B74B39-C623-42D9-9B96-CEB50A735E24}.Release|iPhone.Build.0 = Release|iPhone
		{D5B74B39-C623-42D9-9B96-CEB50A735E24}.Release|iPhone.Deploy.0 = Release|iPhone
		{D5B74B39-C623-42D9-9B96-CEB50A735E24}.Release|iPhoneSimulator.ActiveCfg = Release|iPhoneSimulator
		{D5B74B39-C623-42D9-9B96-CEB50A735E24}.Release|iPhoneSimulator.Build.0 = Release|iPhoneSimulator
		{D5B74B39-C623-42D9-9B96-CEB50A735E24}.Release|iPhoneSimulator.Deploy.0 = Release|iPhoneSimulator
	EndGlobalSection
EndGlobal
